// !$*UTF8*$!
{
	archiveVersion = 1;
	classes = {
	};
	objectVersion = 50;
	objects = {

/* Begin PBXBuildFile section */
		2F79206B26D84F1C0000AC94 /* AppDelegate.swift in Sources */ = {isa = PBXBuildFile; fileRef = 2F79206A26D84F1C0000AC94 /* AppDelegate.swift */; };
		2F79206D26D84F1C0000AC94 /* SceneDelegate.swift in Sources */ = {isa = PBXBuildFile; fileRef = 2F79206C26D84F1C0000AC94 /* SceneDelegate.swift */; };
		2F79206F26D84F1C0000AC94 /* ViewController.swift in Sources */ = {isa = PBXBuildFile; fileRef = 2F79206E26D84F1C0000AC94 /* ViewController.swift */; };
		2F79207226D84F1C0000AC94 /* Main.storyboard in Resources */ = {isa = PBXBuildFile; fileRef = 2F79207026D84F1C0000AC94 /* Main.storyboard */; };
		2F79207426D84F230000AC94 /* Assets.xcassets in Resources */ = {isa = PBXBuildFile; fileRef = 2F79207326D84F230000AC94 /* Assets.xcassets */; };
		2F79207726D84F230000AC94 /* LaunchScreen.storyboard in Resources */ = {isa = PBXBuildFile; fileRef = 2F79207526D84F230000AC94 /* LaunchScreen.storyboard */; };
		2F79207F26D85BE60000AC94 /* Models.swift in Sources */ = {isa = PBXBuildFile; fileRef = 2F79207E26D85BE60000AC94 /* Models.swift */; };
		2F79208226D85CAB0000AC94 /* FoodTableViewCell.swift in Sources */ = {isa = PBXBuildFile; fileRef = 2F79208026D85CAB0000AC94 /* FoodTableViewCell.swift */; };
		2F79208726D86A640000AC94 /* APICaller.swift in Sources */ = {isa = PBXBuildFile; fileRef = 2F79208626D86A640000AC94 /* APICaller.swift */; };
		2F79208926D991430000AC94 /* CustomTableViewCell.swift in Sources */ = {isa = PBXBuildFile; fileRef = 2F79208826D991430000AC94 /* CustomTableViewCell.swift */; };
		2F79208B26D9B0DA0000AC94 /* DetailViewController.swift in Sources */ = {isa = PBXBuildFile; fileRef = 2F79208A26D9B0D90000AC94 /* DetailViewController.swift */; };
/* End PBXBuildFile section */

/* Begin PBXFileReference section */
		2F79206726D84F1C0000AC94 /* YelpMVVm.app */ = {isa = PBXFileReference; explicitFileType = wrapper.application; includeInIndex = 0; path = YelpMVVm.app; sourceTree = BUILT_PRODUCTS_DIR; };
		2F79206A26D84F1C0000AC94 /* AppDelegate.swift */ = {isa = PBXFileReference; lastKnownFileType = sourcecode.swift; path = AppDelegate.swift; sourceTree = "<group>"; };
		2F79206C26D84F1C0000AC94 /* SceneDelegate.swift */ = {isa = PBXFileReference; lastKnownFileType = sourcecode.swift; path = SceneDelegate.swift; sourceTree = "<group>"; };
		2F79206E26D84F1C0000AC94 /* ViewController.swift */ = {isa = PBXFileReference; lastKnownFileType = sourcecode.swift; path = ViewController.swift; sourceTree = "<group>"; };
		2F79207126D84F1C0000AC94 /* Base */ = {isa = PBXFileReference; lastKnownFileType = file.storyboard; name = Base; path = Base.lproj/Main.storyboard; sourceTree = "<group>"; };
		2F79207326D84F230000AC94 /* Assets.xcassets */ = {isa = PBXFileReference; lastKnownFileType = folder.assetcatalog; path = Assets.xcassets; sourceTree = "<group>"; };
		2F79207626D84F230000AC94 /* Base */ = {isa = PBXFileReference; lastKnownFileType = file.storyboard; name = Base; path = Base.lproj/LaunchScreen.storyboard; sourceTree = "<group>"; };
		2F79207826D84F230000AC94 /* Info.plist */ = {isa = PBXFileReference; lastKnownFileType = text.plist.xml; path = Info.plist; sourceTree = "<group>"; };
		2F79207E26D85BE60000AC94 /* Models.swift */ = {isa = PBXFileReference; lastKnownFileType = sourcecode.swift; path = Models.swift; sourceTree = "<group>"; };
		2F79208026D85CAB0000AC94 /* FoodTableViewCell.swift */ = {isa = PBXFileReference; lastKnownFileType = sourcecode.swift; path = FoodTableViewCell.swift; sourceTree = "<group>"; };
		2F79208626D86A640000AC94 /* APICaller.swift */ = {isa = PBXFileReference; lastKnownFileType = sourcecode.swift; path = APICaller.swift; sourceTree = "<group>"; };
		2F79208826D991430000AC94 /* CustomTableViewCell.swift */ = {isa = PBXFileReference; lastKnownFileType = sourcecode.swift; path = CustomTableViewCell.swift; sourceTree = "<group>"; };
		2F79208A26D9B0D90000AC94 /* DetailViewController.swift */ = {isa = PBXFileReference; lastKnownFileType = sourcecode.swift; path = DetailViewController.swift; sourceTree = "<group>"; };
/* End PBXFileReference section */

/* Begin PBXFrameworksBuildPhase section */
		2F79206426D84F1C0000AC94 /* Frameworks */ = {
			isa = PBXFrameworksBuildPhase;
			buildActionMask = 2147483647;
			files = (
			);
			runOnlyForDeploymentPostprocessing = 0;
		};
/* End PBXFrameworksBuildPhase section */

/* Begin PBXGroup section */
		2F79205E26D84F1C0000AC94 = {
			isa = PBXGroup;
			children = (
				2F79206926D84F1C0000AC94 /* YelpMVVm */,
				2F79206826D84F1C0000AC94 /* Products */,
			);
			sourceTree = "<group>";
		};
		2F79206826D84F1C0000AC94 /* Products */ = {
			isa = PBXGroup;
			children = (
				2F79206726D84F1C0000AC94 /* YelpMVVm.app */,
			);
			name = Products;
			sourceTree = "<group>";
		};
		2F79206926D84F1C0000AC94 /* YelpMVVm */ = {
			isa = PBXGroup;
			children = (
				2F79206A26D84F1C0000AC94 /* AppDelegate.swift */,
				2F79206C26D84F1C0000AC94 /* SceneDelegate.swift */,
				2F79206E26D84F1C0000AC94 /* ViewController.swift */,
				2F79208A26D9B0D90000AC94 /* DetailViewController.swift */,
				2F79208026D85CAB0000AC94 /* FoodTableViewCell.swift */,
				2F79207E26D85BE60000AC94 /* Models.swift */,
				2F79208626D86A640000AC94 /* APICaller.swift */,
				2F79207026D84F1C0000AC94 /* Main.storyboard */,
				2F79208826D991430000AC94 /* CustomTableViewCell.swift */,
				2F79207326D84F230000AC94 /* Assets.xcassets */,
				2F79207526D84F230000AC94 /* LaunchScreen.storyboard */,
				2F79207826D84F230000AC94 /* Info.plist */,
			);
			path = YelpMVVm;
			sourceTree = "<group>";
		};
/* End PBXGroup section */

/* Begin PBXNativeTarget section */
		2F79206626D84F1C0000AC94 /* YelpMVVm */ = {
			isa = PBXNativeTarget;
			buildConfigurationList = 2F79207B26D84F230000AC94 /* Build configuration list for PBXNativeTarget "YelpMVVm" */;
			buildPhases = (
				2F79206326D84F1C0000AC94 /* Sources */,
				2F79206426D84F1C0000AC94 /* Frameworks */,
				2F79206526D84F1C0000AC94 /* Resources */,
			);
			buildRules = (
			);
			dependencies = (
			);
			name = YelpMVVm;
			productName = YelpMVVm;
			productReference = 2F79206726D84F1C0000AC94 /* YelpMVVm.app */;
			productType = "com.apple.product-type.application";
		};
/* End PBXNativeTarget section */

/* Begin PBXProject section */
		2F79205F26D84F1C0000AC94 /* Project object */ = {
			isa = PBXProject;
			attributes = {
				LastSwiftUpdateCheck = 1250;
				LastUpgradeCheck = 1250;
				TargetAttributes = {
					2F79206626D84F1C0000AC94 = {
						CreatedOnToolsVersion = 12.5.1;
					};
				};
			};
			buildConfigurationList = 2F79206226D84F1C0000AC94 /* Build configuration list for PBXProject "YelpMVVm" */;
			compatibilityVersion = "Xcode 9.3";
			developmentRegion = en;
			hasScannedForEncodings = 0;
			knownRegions = (
				en,
				Base,
			);
			mainGroup = 2F79205E26D84F1C0000AC94;
			productRefGroup = 2F79206826D84F1C0000AC94 /* Products */;
			projectDirPath = "";
			projectRoot = "";
			targets = (
				2F79206626D84F1C0000AC94 /* YelpMVVm */,
			);
		};
/* End PBXProject section */

/* Begin PBXResourcesBuildPhase section */
		2F79206526D84F1C0000AC94 /* Resources */ = {
			isa = PBXResourcesBuildPhase;
			buildActionMask = 2147483647;
			files = (
				2F79207726D84F230000AC94 /* LaunchScreen.storyboard in Resources */,
				2F79207426D84F230000AC94 /* Assets.xcassets in Resources */,
				2F79207226D84F1C0000AC94 /* Main.storyboard in Resources */,
			);
			runOnlyForDeploymentPostprocessing = 0;
		};
/* End PBXResourcesBuildPhase section */

/* Begin PBXSourcesBuildPhase section */
		2F79206326D84F1C0000AC94 /* Sources */ = {
			isa = PBXSourcesBuildPhase;
			buildActionMask = 2147483647;
			files = (
				2F79206F26D84F1C0000AC94 /* ViewController.swift in Sources */,
				2F79206B26D84F1C0000AC94 /* AppDelegate.swift in Sources */,
				2F79208926D991430000AC94 /* CustomTableViewCell.swift in Sources */,
				2F79208226D85CAB0000AC94 /* FoodTableViewCell.swift in Sources */,
				2F79208726D86A640000AC94 /* APICaller.swift in Sources */,
				2F79206D26D84F1C0000AC94 /* SceneDelegate.swift in Sources */,
				2F79207F26D85BE60000AC94 /* Models.swift in Sources */,
				2F79208B26D9B0DA0000AC94 /* DetailViewController.swift in Sources */,
			);
			runOnlyForDeploymentPostprocessing = 0;
		};
/* End PBXSourcesBuildPhase section */

/* Begin PBXVariantGroup section */
		2F79207026D84F1C0000AC94 /* Main.storyboard */ = {
			isa = PBXVariantGroup;
			children = (
				2F79207126D84F1C0000AC94 /* Base */,
			);
			name = Main.storyboard;
			sourceTree = "<group>";
		};
		2F79207526D84F230000AC94 /* LaunchScreen.storyboard */ = {
			isa = PBXVariantGroup;
			children = (
				2F79207626D84F230000AC94 /* Base */,
			);
			name = LaunchScreen.storyboard;
			sourceTree = "<group>";
		};
/* End PBXVariantGroup section */

/* Begin XCBuildConfiguration section */
		2F79207926D84F230000AC94 /* Debug */ = {
			isa = XCBuildConfiguration;
			buildSettings = {
				ALWAYS_SEARCH_USER_PATHS = NO;
				CLANG_ANALYZER_NONNULL = YES;
				CLANG_ANALYZER_NUMBER_OBJECT_CONVERSION = YES_AGGRESSIVE;
				CLANG_CXX_LANGUAGE_STANDARD = "gnu++14";
				CLANG_CXX_LIBRARY = "libc++";
				CLANG_ENABLE_MODULES = YES;
				CLANG_ENABLE_OBJC_ARC = YES;
				CLANG_ENABLE_OBJC_WEAK = YES;
				CLANG_WARN_BLOCK_CAPTURE_AUTORELEASING = YES;
				CLANG_WARN_BOOL_CONVERSION = YES;
				CLANG_WARN_COMMA = YES;
				CLANG_WARN_CONSTANT_CONVERSION = YES;
				CLANG_WARN_DEPRECATED_OBJC_IMPLEMENTATIONS = YES;
				CLANG_WARN_DIRECT_OBJC_ISA_USAGE = YES_ERROR;
				CLANG_WARN_DOCUMENTATION_COMMENTS = YES;
				CLANG_WARN_EMPTY_BODY = YES;
				CLANG_WARN_ENUM_CONVERSION = YES;
				CLANG_WARN_INFINITE_RECURSION = YES;
				CLANG_WARN_INT_CONVERSION = YES;
				CLANG_WARN_NON_LITERAL_NULL_CONVERSION = YES;
				CLANG_WARN_OBJC_IMPLICIT_RETAIN_SELF = YES;
				CLANG_WARN_OBJC_LITERAL_CONVERSION = YES;
				CLANG_WARN_OBJC_ROOT_CLASS = YES_ERROR;
				CLANG_WARN_QUOTED_INCLUDE_IN_FRAMEWORK_HEADER = YES;
				CLANG_WARN_RANGE_LOOP_ANALYSIS = YES;
				CLANG_WARN_STRICT_PROTOTYPES = YES;
				CLANG_WARN_SUSPICIOUS_MOVE = YES;
				CLANG_WARN_UNGUARDED_AVAILABILITY = YES_AGGRESSIVE;
				CLANG_WARN_UNREACHABLE_CODE = YES;
				CLANG_WARN__DUPLICATE_METHOD_MATCH = YES;
				COPY_PHASE_STRIP = NO;
				DEBUG_INFORMATION_FORMAT = dwarf;
				ENABLE_STRICT_OBJC_MSGSEND = YES;
				ENABLE_TESTABILITY = YES;
				GCC_C_LANGUAGE_STANDARD = gnu11;
				GCC_DYNAMIC_NO_PIC = NO;
				GCC_NO_COMMON_BLOCKS = YES;
				GCC_OPTIMIZATION_LEVEL = 0;
				GCC_PREPROCESSOR_DEFINITIONS = (
					"DEBUG=1",
					"$(inherited)",
				);
				GCC_WARN_64_TO_32_BIT_CONVERSION = YES;
				GCC_WARN_ABOUT_RETURN_TYPE = YES_ERROR;
				GCC_WARN_UNDECLARED_SELECTOR = YES;
				GCC_WARN_UNINITIALIZED_AUTOS = YES_AGGRESSIVE;
				GCC_WARN_UNUSED_FUNCTION = YES;
				GCC_WARN_UNUSED_VARIABLE = YES;
				IPHONEOS_DEPLOYMENT_TARGET = 14.5;
				MTL_ENABLE_DEBUG_INFO = INCLUDE_SOURCE;
				MTL_FAST_MATH = YES;
				ONLY_ACTIVE_ARCH = YES;
				SDKROOT = iphoneos;
				SWIFT_ACTIVE_COMPILATION_CONDITIONS = DEBUG;
				SWIFT_OPTIMIZATION_LEVEL = "-Onone";
			};
			name = Debug;
		};
		2F79207A26D84F230000AC94 /* Release */ = {
			isa = XCBuildConfiguration;
			buildSettings = {
				ALWAYS_SEARCH_USER_PATHS = NO;
				CLANG_ANALYZER_NONNULL = YES;
				CLANG_ANALYZER_NUMBER_OBJECT_CONVERSION = YES_AGGRESSIVE;
				CLANG_CXX_LANGUAGE_STANDARD = "gnu++14";
				CLANG_CXX_LIBRARY = "libc++";
				CLANG_ENABLE_MODULES = YES;
				CLANG_ENABLE_OBJC_ARC = YES;
				CLANG_ENABLE_OBJC_WEAK = YES;
				CLANG_WARN_BLOCK_CAPTURE_AUTORELEASING = YES;
				CLANG_WARN_BOOL_CONVERSION = YES;
				CLANG_WARN_COMMA = YES;
				CLANG_WARN_CONSTANT_CONVERSION = YES;
				CLANG_WARN_DEPRECATED_OBJC_IMPLEMENTATIONS = YES;
				CLANG_WARN_DIRECT_OBJC_ISA_USAGE = YES_ERROR;
				CLANG_WARN_DOCUMENTATION_COMMENTS = YES;
				CLANG_WARN_EMPTY_BODY = YES;
				CLANG_WARN_ENUM_CONVERSION = YES;
				CLANG_WARN_INFINITE_RECURSION = YES;
				CLANG_WARN_INT_CONVERSION = YES;
				CLANG_WARN_NON_LITERAL_NULL_CONVERSION = YES;
				CLANG_WARN_OBJC_IMPLICIT_RETAIN_SELF = YES;
				CLANG_WARN_OBJC_LITERAL_CONVERSION = YES;
				CLANG_WARN_OBJC_ROOT_CLASS = YES_ERROR;
				CLANG_WARN_QUOTED_INCLUDE_IN_FRAMEWORK_HEADER = YES;
				CLANG_WARN_RANGE_LOOP_ANALYSIS = YES;
				CLANG_WARN_STRICT_PROTOTYPES = YES;
				CLANG_WARN_SUSPICIOUS_MOVE = YES;
				CLANG_WARN_UNGUARDED_AVAILABILITY = YES_AGGRESSIVE;
				CLANG_WARN_UNREACHABLE_CODE = YES;
				CLANG_WARN__DUPLICATE_METHOD_MATCH = YES;
				COPY_PHASE_STRIP = NO;
				DEBUG_INFORMATION_FORMAT = "dwarf-with-dsym";
				ENABLE_NS_ASSERTIONS = NO;
				ENABLE_STRICT_OBJC_MSGSEND = YES;
				GCC_C_LANGUAGE_STANDARD = gnu11;
				GCC_NO_COMMON_BLOCKS = YES;
				GCC_WARN_64_TO_32_BIT_CONVERSION = YES;
				GCC_WARN_ABOUT_RETURN_TYPE = YES_ERROR;
				GCC_WARN_UNDECLARED_SELECTOR = YES;
				GCC_WARN_UNINITIALIZED_AUTOS = YES_AGGRESSIVE;
				GCC_WARN_UNUSED_FUNCTION = YES;
				GCC_WARN_UNUSED_VARIABLE = YES;
				IPHONEOS_DEPLOYMENT_TARGET = 14.5;
				MTL_ENABLE_DEBUG_INFO = NO;
				MTL_FAST_MATH = YES;
				SDKROOT = iphoneos;
				SWIFT_COMPILATION_MODE = wholemodule;
				SWIFT_OPTIMIZATION_LEVEL = "-O";
				VALIDATE_PRODUCT = YES;
			};
			name = Release;
		};
		2F79207C26D84F230000AC94 /* Debug */ = {
			isa = XCBuildConfiguration;
			buildSettings = {
				ASSETCATALOG_COMPILER_APPICON_NAME = AppIcon;
				ASSETCATALOG_COMPILER_GLOBAL_ACCENT_COLOR_NAME = AccentColor;
				CODE_SIGN_STYLE = Automatic;
				DEVELOPMENT_TEAM = Y29764E28T;
				INFOPLIST_FILE = YelpMVVm/Info.plist;
				LD_RUNPATH_SEARCH_PATHS = (
					"$(inherited)",
					"@executable_path/Frameworks",
				);
				PRODUCT_BUNDLE_IDENTIFIER = com.dala.YelpMVVm;
				PRODUCT_NAME = "$(TARGET_NAME)";
				SWIFT_VERSION = 5.0;
				TARGETED_DEVICE_FAMILY = "1,2";
			};
			name = Debug;
		};
		2F79207D26D84F230000AC94 /* Release */ = {
			isa = XCBuildConfiguration;
			buildSettings = {
				ASSETCATALOG_COMPILER_APPICON_NAME = AppIcon;
				ASSETCATALOG_COMPILER_GLOBAL_ACCENT_COLOR_NAME = AccentColor;
				CODE_SIGN_STYLE = Automatic;
				DEVELOPMENT_TEAM = Y29764E28T;
				INFOPLIST_FILE = YelpMVVm/Info.plist;
				LD_RUNPATH_SEARCH_PATHS = (
					"$(inherited)",
					"@executable_path/Frameworks",
				);
				PRODUCT_BUNDLE_IDENTIFIER = com.dala.YelpMVVm;
				PRODUCT_NAME = "$(TARGET_NAME)";
				SWIFT_VERSION = 5.0;
				TARGETED_DEVICE_FAMILY = "1,2";
			};
			name = Release;
		};
/* End XCBuildConfiguration section */

/* Begin XCConfigurationList section */
		2F79206226D84F1C0000AC94 /* Build configuration list for PBXProject "YelpMVVm" */ = {
			isa = XCConfigurationList;
			buildConfigurations = (
				2F79207926D84F230000AC94 /* Debug */,
				2F79207A26D84F230000AC94 /* Release */,
			);
			defaultConfigurationIsVisible = 0;
			defaultConfigurationName = Release;
		};
		2F79207B26D84F230000AC94 /* Build configuration list for PBXNativeTarget "YelpMVVm" */ = {
			isa = XCConfigurationList;
			buildConfigurations = (
				2F79207C26D84F230000AC94 /* Debug */,
				2F79207D26D84F230000AC94 /* Release */,
			);
			defaultConfigurationIsVisible = 0;
			defaultConfigurationName = Release;
		};
/* End XCConfigurationList section */
	};
	rootObject = 2F79205F26D84F1C0000AC94 /* Project object */;
}
